Microsoft Visual Studio Solution File, Format Version 12.00
# Visual Studio Version 17
VisualStudioVersion = 17.5.2.0
MinimumVisualStudioVersion = 10.0.40219.1
Project("{FAE04EC0-301F-11D3-BF4B-00C04F79EFBC}") = "2025-2-MM-POO-Seg.", "2025-2-MM-POO-Seg..csproj", "{C0A1D3DA-026E-36C1-5F57-5E1990441DB4}"
EndProject
Global
	GlobalSection(SolutionConfigurationPlatforms) = preSolution
		Debug|Any CPU = Debug|Any CPU
		Release|Any CPU = Release|Any CPU
	EndGlobalSection
	GlobalSection(ProjectConfigurationPlatforms) = postSolution
		{C0A1D3DA-026E-36C1-5F57-5E1990441DB4}.Debug|Any CPU.ActiveCfg = Debug|Any CPU
		{C0A1D3DA-026E-36C1-5F57-5E1990441DB4}.Debug|Any CPU.Build.0 = Debug|Any CPU
		{C0A1D3DA-026E-36C1-5F57-5E1990441DB4}.Release|Any CPU.ActiveCfg = Release|Any CPU
		{C0A1D3DA-026E-36C1-5F57-5E1990441DB4}.Release|Any CPU.Build.0 = Release|Any CPU
	EndGlobalSection
	GlobalSection(SolutionProperties) = preSolution
		HideSolutionNode = FALSE
	EndGlobalSection
	GlobalSection(ExtensibilityGlobals) = postSolution
		SolutionGuid = {D1B948B3-0A9F-40F2-A1A4-A05B99200AC5}
	EndGlobalSection
EndGlobal
